
Microsoft Visual Studio Solution File, Format Version 12.00
# Visual Studio Version 17
VisualStudioVersion = 17.0.31919.166
MinimumVisualStudioVersion = 10.0.40219.1
Project("{FAE04EC0-301F-11D3-BF4B-00C04F79EFBC}") = "Squid.Core", "src\Squid.Core\Squid.Core.csproj", "{26DEE87D-1B2C-4788-B8DA-55F29896C03A}"
EndProject
Project("{2150E333-8FDC-42A3-9474-1A3956D46DE8}") = "src", "src", "{75759C27-8B18-4FB5-97A8-570BBE311C6B}"
EndProject
Project("{2150E333-8FDC-42A3-9474-1A3956D46DE8}") = "tests", "tests", "{39D26C72-1BD3-4793-A455-F651830208E7}"
EndProject
Project("{FAE04EC0-301F-11D3-BF4B-00C04F79EFBC}") = "Squid.Api", "src\Squid.Api\Squid.Api.csproj", "{43B01DB0-00F2-48F3-962A-62236758544A}"
EndProject
Project("{FAE04EC0-301F-11D3-BF4B-00C04F79EFBC}") = "Squid.UnitTests", "tests\Squid.UnitTests\Squid.UnitTests.csproj", "{AF0CBC87-76A5-4592-8673-7F4E2DA589F9}"
EndProject
Project("{FAE04EC0-301F-11D3-BF4B-00C04F79EFBC}") = "Squid.IntegrationTests", "tests\Squid.IntegrationTests\Squid.IntegrationTests.csproj", "{1A1B03CC-0E42-46A0-9F7E-6DE18F05679B}"
EndProject
Project("{FAE04EC0-301F-11D3-BF4B-00C04F79EFBC}") = "Squid.Message", "src\Squid.Message\Squid.Message.csproj", "{7B557ED6-760C-4FF4-A720-E5D9D887F2C6}"
EndProject
Project("{FAE04EC0-301F-11D3-BF4B-00C04F79EFBC}") = "Squid.E2ETests", "tests\Squid.E2ETests\Squid.E2ETests.csproj", "{7B557ED6-760C-4FF4-A720-E5D9D887F2C5}"
EndProject
Project("{FAE04EC0-301F-11D3-BF4B-00C04F79EFBC}") = "Squid.Tentacle", "src\Squid.Tentacle\Squid.Tentacle.csproj", "{8C7E285F-CEF2-46D4-802F-E5C71C0D5F96}"
EndProject
Project("{FAE04EC0-301F-11D3-BF4B-00C04F79EFBC}") = "Squid.Calamari", "src\Squid.Calamari\Squid.Calamari.csproj", "{9D4A1B2C-3E5F-4A7B-8C9D-0E1F2A3B4C5D}"
EndProject
Project("{FAE04EC0-301F-11D3-BF4B-00C04F79EFBC}") = "Squid.Calamari.Tests", "tests\Squid.Calamari.Tests\Squid.Calamari.Tests.csproj", "{6016BB13-7A99-4158-A1A7-A38015C155ED}"
EndProject
Project("{FAE04EC0-301F-11D3-BF4B-00C04F79EFBC}") = "Squid.Tentacle.Tests", "tests\Squid.Tentacle.Tests\Squid.Tentacle.Tests.csproj", "{333F6DFB-4637-4D63-8B75-41D460804B34}"
EndProject
Global
	GlobalSection(SolutionConfigurationPlatforms) = preSolution
		Debug|Any CPU = Debug|Any CPU
		Debug|x64 = Debug|x64
		Debug|x86 = Debug|x86
		Release|Any CPU = Release|Any CPU
		Release|x64 = Release|x64
		Release|x86 = Release|x86
	EndGlobalSection
	GlobalSection(ProjectConfigurationPlatforms) = postSolution
		{26DEE87D-1B2C-4788-B8DA-55F29896C03A}.Debug|Any CPU.ActiveCfg = Debug|Any CPU
		{26DEE87D-1B2C-4788-B8DA-55F29896C03A}.Debug|Any CPU.Build.0 = Debug|Any CPU
		{26DEE87D-1B2C-4788-B8DA-55F29896C03A}.Debug|x64.ActiveCfg = Debug|Any CPU
		{26DEE87D-1B2C-4788-B8DA-55F29896C03A}.Debug|x64.Build.0 = Debug|Any CPU
		{26DEE87D-1B2C-4788-B8DA-55F29896C03A}.Debug|x86.ActiveCfg = Debug|Any CPU
		{26DEE87D-1B2C-4788-B8DA-55F29896C03A}.Debug|x86.Build.0 = Debug|Any CPU
		{26DEE87D-1B2C-4788-B8DA-55F29896C03A}.Release|Any CPU.ActiveCfg = Release|Any CPU
		{26DEE87D-1B2C-4788-B8DA-55F29896C03A}.Release|Any CPU.Build.0 = Release|Any CPU
		{26DEE87D-1B2C-4788-B8DA-55F29896C03A}.Release|x64.ActiveCfg = Release|Any CPU
		{26DEE87D-1B2C-4788-B8DA-55F29896C03A}.Release|x64.Build.0 = Release|Any CPU
		{26DEE87D-1B2C-4788-B8DA-55F29896C03A}.Release|x86.ActiveCfg = Release|Any CPU
		{26DEE87D-1B2C-4788-B8DA-55F29896C03A}.Release|x86.Build.0 = Release|Any CPU
		{43B01DB0-00F2-48F3-962A-62236758544A}.Debug|Any CPU.ActiveCfg = Debug|Any CPU
		{43B01DB0-00F2-48F3-962A-62236758544A}.Debug|Any CPU.Build.0 = Debug|Any CPU
		{43B01DB0-00F2-48F3-962A-62236758544A}.Debug|x64.ActiveCfg = Debug|Any CPU
		{43B01DB0-00F2-48F3-962A-62236758544A}.Debug|x64.Build.0 = Debug|Any CPU
		{43B01DB0-00F2-48F3-962A-62236758544A}.Debug|x86.ActiveCfg = Debug|Any CPU
		{43B01DB0-00F2-48F3-962A-62236758544A}.Debug|x86.Build.0 = Debug|Any CPU
		{43B01DB0-00F2-48F3-962A-62236758544A}.Release|Any CPU.ActiveCfg = Release|Any CPU
		{43B01DB0-00F2-48F3-962A-62236758544A}.Release|Any CPU.Build.0 = Release|Any CPU
		{43B01DB0-00F2-48F3-962A-62236758544A}.Release|x64.ActiveCfg = Release|Any CPU
		{43B01DB0-00F2-48F3-962A-62236758544A}.Release|x64.Build.0 = Release|Any CPU
		{43B01DB0-00F2-48F3-962A-62236758544A}.Release|x86.ActiveCfg = Release|Any CPU
		{43B01DB0-00F2-48F3-962A-62236758544A}.Release|x86.Build.0 = Release|Any CPU
		{AF0CBC87-76A5-4592-8673-7F4E2DA589F9}.Debug|Any CPU.ActiveCfg = Debug|Any CPU
		{AF0CBC87-76A5-4592-8673-7F4E2DA589F9}.Debug|Any CPU.Build.0 = Debug|Any CPU
		{AF0CBC87-76A5-4592-8673-7F4E2DA589F9}.Debug|x64.ActiveCfg = Debug|Any CPU
		{AF0CBC87-76A5-4592-8673-7F4E2DA589F9}.Debug|x64.Build.0 = Debug|Any CPU
		{AF0CBC87-76A5-4592-8673-7F4E2DA589F9}.Debug|x86.ActiveCfg = Debug|Any CPU
		{AF0CBC87-76A5-4592-8673-7F4E2DA589F9}.Debug|x86.Build.0 = Debug|Any CPU
		{AF0CBC87-76A5-4592-8673-7F4E2DA589F9}.Release|Any CPU.ActiveCfg = Release|Any CPU
		{AF0CBC87-76A5-4592-8673-7F4E2DA589F9}.Release|Any CPU.Build.0 = Release|Any CPU
		{AF0CBC87-76A5-4592-8673-7F4E2DA589F9}.Release|x64.ActiveCfg = Release|Any CPU
		{AF0CBC87-76A5-4592-8673-7F4E2DA589F9}.Release|x64.Build.0 = Release|Any CPU
		{AF0CBC87-76A5-4592-8673-7F4E2DA589F9}.Release|x86.ActiveCfg = Release|Any CPU
		{AF0CBC87-76A5-4592-8673-7F4E2DA589F9}.Release|x86.Build.0 = Release|Any CPU
		{1A1B03CC-0E42-46A0-9F7E-6DE18F05679B}.Debug|Any CPU.ActiveCfg = Debug|Any CPU
		{1A1B03CC-0E42-46A0-9F7E-6DE18F05679B}.Debug|Any CPU.Build.0 = Debug|Any CPU
		{1A1B03CC-0E42-46A0-9F7E-6DE18F05679B}.Debug|x64.ActiveCfg = Debug|Any CPU
		{1A1B03CC-0E42-46A0-9F7E-6DE18F05679B}.Debug|x64.Build.0 = Debug|Any CPU
		{1A1B03CC-0E42-46A0-9F7E-6DE18F05679B}.Debug|x86.ActiveCfg = Debug|Any CPU
		{1A1B03CC-0E42-46A0-9F7E-6DE18F05679B}.Debug|x86.Build.0 = Debug|Any CPU
		{1A1B03CC-0E42-46A0-9F7E-6DE18F05679B}.Release|Any CPU.ActiveCfg = Release|Any CPU
		{1A1B03CC-0E42-46A0-9F7E-6DE18F05679B}.Release|Any CPU.Build.0 = Release|Any CPU
		{1A1B03CC-0E42-46A0-9F7E-6DE18F05679B}.Release|x64.ActiveCfg = Release|Any CPU
		{1A1B03CC-0E42-46A0-9F7E-6DE18F05679B}.Release|x64.Build.0 = Release|Any CPU
		{1A1B03CC-0E42-46A0-9F7E-6DE18F05679B}.Release|x86.ActiveCfg = Release|Any CPU
		{1A1B03CC-0E42-46A0-9F7E-6DE18F05679B}.Release|x86.Build.0 = Release|Any CPU
		{7B557ED6-760C-4FF4-A720-E5D9D887F2C6}.Debug|Any CPU.ActiveCfg = Debug|Any CPU
		{7B557ED6-760C-4FF4-A720-E5D9D887F2C6}.Debug|Any CPU.Build.0 = Debug|Any CPU
		{7B557ED6-760C-4FF4-A720-E5D9D887F2C6}.Debug|x64.ActiveCfg = Debug|Any CPU
		{7B557ED6-760C-4FF4-A720-E5D9D887F2C6}.Debug|x64.Build.0 = Debug|Any CPU
		{7B557ED6-760C-4FF4-A720-E5D9D887F2C6}.Debug|x86.ActiveCfg = Debug|Any CPU
		{7B557ED6-760C-4FF4-A720-E5D9D887F2C6}.Debug|x86.Build.0 = Debug|Any CPU
		{7B557ED6-760C-4FF4-A720-E5D9D887F2C6}.Release|Any CPU.ActiveCfg = Release|Any CPU
		{7B557ED6-760C-4FF4-A720-E5D9D887F2C6}.Release|Any CPU.Build.0 = Release|Any CPU
		{7B557ED6-760C-4FF4-A720-E5D9D887F2C6}.Release|x64.ActiveCfg = Release|Any CPU
		{7B557ED6-760C-4FF4-A720-E5D9D887F2C6}.Release|x64.Build.0 = Release|Any CPU
		{7B557ED6-760C-4FF4-A720-E5D9D887F2C6}.Release|x86.ActiveCfg = Release|Any CPU
		{7B557ED6-760C-4FF4-A720-E5D9D887F2C6}.Release|x86.Build.0 = Release|Any CPU
		{7B557ED6-760C-4FF4-A720-E5D9D887F2C5}.Debug|Any CPU.ActiveCfg = Debug|Any CPU
		{7B557ED6-760C-4FF4-A720-E5D9D887F2C5}.Debug|Any CPU.Build.0 = Debug|Any CPU
		{7B557ED6-760C-4FF4-A720-E5D9D887F2C5}.Debug|x64.ActiveCfg = Debug|Any CPU
		{7B557ED6-760C-4FF4-A720-E5D9D887F2C5}.Debug|x64.Build.0 = Debug|Any CPU
		{7B557ED6-760C-4FF4-A720-E5D9D887F2C5}.Debug|x86.ActiveCfg = Debug|Any CPU
		{7B557ED6-760C-4FF4-A720-E5D9D887F2C5}.Debug|x86.Build.0 = Debug|Any CPU
		{7B557ED6-760C-4FF4-A720-E5D9D887F2C5}.Release|x64.ActiveCfg = Release|Any CPU
		{7B557ED6-760C-4FF4-A720-E5D9D887F2C5}.Release|x64.Build.0 = Release|Any CPU
		{7B557ED6-760C-4FF4-A720-E5D9D887F2C5}.Release|x86.ActiveCfg = Release|Any CPU
		{7B557ED6-760C-4FF4-A720-E5D9D887F2C5}.Release|x86.Build.0 = Release|Any CPU
		{8C7E285F-CEF2-46D4-802F-E5C71C0D5F96}.Debug|Any CPU.ActiveCfg = Debug|Any CPU
		{8C7E285F-CEF2-46D4-802F-E5C71C0D5F96}.Debug|Any CPU.Build.0 = Debug|Any CPU
		{8C7E285F-CEF2-46D4-802F-E5C71C0D5F96}.Debug|x64.ActiveCfg = Debug|Any CPU
		{8C7E285F-CEF2-46D4-802F-E5C71C0D5F96}.Debug|x64.Build.0 = Debug|Any CPU
		{8C7E285F-CEF2-46D4-802F-E5C71C0D5F96}.Debug|x86.ActiveCfg = Debug|Any CPU
		{8C7E285F-CEF2-46D4-802F-E5C71C0D5F96}.Debug|x86.Build.0 = Debug|Any CPU
		{8C7E285F-CEF2-46D4-802F-E5C71C0D5F96}.Release|Any CPU.ActiveCfg = Release|Any CPU
		{8C7E285F-CEF2-46D4-802F-E5C71C0D5F96}.Release|Any CPU.Build.0 = Release|Any CPU
		{8C7E285F-CEF2-46D4-802F-E5C71C0D5F96}.Release|x64.ActiveCfg = Release|Any CPU
		{8C7E285F-CEF2-46D4-802F-E5C71C0D5F96}.Release|x64.Build.0 = Release|Any CPU
		{8C7E285F-CEF2-46D4-802F-E5C71C0D5F96}.Release|x86.ActiveCfg = Release|Any CPU
		{8C7E285F-CEF2-46D4-802F-E5C71C0D5F96}.Release|x86.Build.0 = Release|Any CPU
		{9D4A1B2C-3E5F-4A7B-8C9D-0E1F2A3B4C5D}.Debug|Any CPU.ActiveCfg = Debug|Any CPU
		{9D4A1B2C-3E5F-4A7B-8C9D-0E1F2A3B4C5D}.Debug|Any CPU.Build.0 = Debug|Any CPU
		{9D4A1B2C-3E5F-4A7B-8C9D-0E1F2A3B4C5D}.Debug|x64.ActiveCfg = Debug|Any CPU
		{9D4A1B2C-3E5F-4A7B-8C9D-0E1F2A3B4C5D}.Debug|x64.Build.0 = Debug|Any CPU
		{9D4A1B2C-3E5F-4A7B-8C9D-0E1F2A3B4C5D}.Debug|x86.ActiveCfg = Debug|Any CPU
		{9D4A1B2C-3E5F-4A7B-8C9D-0E1F2A3B4C5D}.Debug|x86.Build.0 = Debug|Any CPU
		{9D4A1B2C-3E5F-4A7B-8C9D-0E1F2A3B4C5D}.Release|Any CPU.ActiveCfg = Release|Any CPU
		{9D4A1B2C-3E5F-4A7B-8C9D-0E1F2A3B4C5D}.Release|Any CPU.Build.0 = Release|Any CPU
		{9D4A1B2C-3E5F-4A7B-8C9D-0E1F2A3B4C5D}.Release|x64.ActiveCfg = Release|Any CPU
		{9D4A1B2C-3E5F-4A7B-8C9D-0E1F2A3B4C5D}.Release|x64.Build.0 = Release|Any CPU
		{9D4A1B2C-3E5F-4A7B-8C9D-0E1F2A3B4C5D}.Release|x86.ActiveCfg = Release|Any CPU
		{9D4A1B2C-3E5F-4A7B-8C9D-0E1F2A3B4C5D}.Release|x86.Build.0 = Release|Any CPU
		{6016BB13-7A99-4158-A1A7-A38015C155ED}.Debug|Any CPU.ActiveCfg = Debug|Any CPU
		{6016BB13-7A99-4158-A1A7-A38015C155ED}.Debug|Any CPU.Build.0 = Debug|Any CPU
		{6016BB13-7A99-4158-A1A7-A38015C155ED}.Debug|x64.ActiveCfg = Debug|Any CPU
		{6016BB13-7A99-4158-A1A7-A38015C155ED}.Debug|x64.Build.0 = Debug|Any CPU
		{6016BB13-7A99-4158-A1A7-A38015C155ED}.Debug|x86.ActiveCfg = Debug|Any CPU
		{6016BB13-7A99-4158-A1A7-A38015C155ED}.Debug|x86.Build.0 = Debug|Any CPU
		{6016BB13-7A99-4158-A1A7-A38015C155ED}.Release|Any CPU.ActiveCfg = Release|Any CPU
		{6016BB13-7A99-4158-A1A7-A38015C155ED}.Release|Any CPU.Build.0 = Release|Any CPU
		{6016BB13-7A99-4158-A1A7-A38015C155ED}.Release|x64.ActiveCfg = Release|Any CPU
		{6016BB13-7A99-4158-A1A7-A38015C155ED}.Release|x64.Build.0 = Release|Any CPU
		{6016BB13-7A99-4158-A1A7-A38015C155ED}.Release|x86.ActiveCfg = Release|Any CPU
		{6016BB13-7A99-4158-A1A7-A38015C155ED}.Release|x86.Build.0 = Release|Any CPU
		{333F6DFB-4637-4D63-8B75-41D460804B34}.Debug|Any CPU.ActiveCfg = Debug|Any CPU
		{333F6DFB-4637-4D63-8B75-41D460804B34}.Debug|Any CPU.Build.0 = Debug|Any CPU
		{333F6DFB-4637-4D63-8B75-41D460804B34}.Debug|x64.ActiveCfg = Debug|Any CPU
		{333F6DFB-4637-4D63-8B75-41D460804B34}.Debug|x64.Build.0 = Debug|Any CPU
		{333F6DFB-4637-4D63-8B75-41D460804B34}.Debug|x86.ActiveCfg = Debug|Any CPU
		{333F6DFB-4637-4D63-8B75-41D460804B34}.Debug|x86.Build.0 = Debug|Any CPU
		{333F6DFB-4637-4D63-8B75-41D460804B34}.Release|Any CPU.ActiveCfg = Release|Any CPU
		{333F6DFB-4637-4D63-8B75-41D460804B34}.Release|Any CPU.Build.0 = Release|Any CPU
		{333F6DFB-4637-4D63-8B75-41D460804B34}.Release|x64.ActiveCfg = Release|Any CPU
		{333F6DFB-4637-4D63-8B75-41D460804B34}.Release|x64.Build.0 = Release|Any CPU
		{333F6DFB-4637-4D63-8B75-41D460804B34}.Release|x86.ActiveCfg = Release|Any CPU
		{333F6DFB-4637-4D63-8B75-41D460804B34}.Release|x86.Build.0 = Release|Any CPU
	EndGlobalSection
	GlobalSection(SolutionProperties) = preSolution
		HideSolutionNode = FALSE
	EndGlobalSection
	GlobalSection(NestedProjects) = preSolution
		{26DEE87D-1B2C-4788-B8DA-55F29896C03A} = {75759C27-8B18-4FB5-97A8-570BBE311C6B}
		{43B01DB0-00F2-48F3-962A-62236758544A} = {75759C27-8B18-4FB5-97A8-570BBE311C6B}
		{AF0CBC87-76A5-4592-8673-7F4E2DA589F9} = {39D26C72-1BD3-4793-A455-F651830208E7}
		{1A1B03CC-0E42-46A0-9F7E-6DE18F05679B} = {39D26C72-1BD3-4793-A455-F651830208E7}
		{7B557ED6-760C-4FF4-A720-E5D9D887F2C6} = {75759C27-8B18-4FB5-97A8-570BBE311C6B}
		{7B557ED6-760C-4FF4-A720-E5D9D887F2C5} = {39D26C72-1BD3-4793-A455-F651830208E7}
		{8C7E285F-CEF2-46D4-802F-E5C71C0D5F96} = {75759C27-8B18-4FB5-97A8-570BBE311C6B}
		{9D4A1B2C-3E5F-4A7B-8C9D-0E1F2A3B4C5D} = {75759C27-8B18-4FB5-97A8-570BBE311C6B}
		{6016BB13-7A99-4158-A1A7-A38015C155ED} = {39D26C72-1BD3-4793-A455-F651830208E7}
		{333F6DFB-4637-4D63-8B75-41D460804B34} = {39D26C72-1BD3-4793-A455-F651830208E7}
	EndGlobalSection
	GlobalSection(ExtensibilityGlobals) = postSolution
		SolutionGuid = {60CBA761-5D3C-4D33-B808-977512C7E6ED}
	EndGlobalSection
EndGlobal
